// !$*UTF8*$!
{
	archiveVersion = 1;
	classes = {
	};
	objectVersion = 50;
	objects = {

/* Begin PBXBuildFile section */
		1199EEAD21C63948002EE01B /* AppDelegate.m in Sources */ = {isa = PBXBuildFile; fileRef = 1199EEAC21C63948002EE01B /* AppDelegate.m */; };
		1199EEB021C63948002EE01B /* ViewController.m in Sources */ = {isa = PBXBuildFile; fileRef = 1199EEAF21C63948002EE01B /* ViewController.m */; };
		1199EEB321C63948002EE01B /* Main.storyboard in Resources */ = {isa = PBXBuildFile; fileRef = 1199EEB121C63948002EE01B /* Main.storyboard */; };
		1199EEB521C6394E002EE01B /* Assets.xcassets in Resources */ = {isa = PBXBuildFile; fileRef = 1199EEB421C6394E002EE01B /* Assets.xcassets */; };
		1199EEB821C6394E002EE01B /* LaunchScreen.storyboard in Resources */ = {isa = PBXBuildFile; fileRef = 1199EEB621C6394E002EE01B /* LaunchScreen.storyboard */; };
		1199EEBB21C6394E002EE01B /* main.m in Sources */ = {isa = PBXBuildFile; fileRef = 1199EEBA21C6394E002EE01B /* main.m */; };
		1199EEC421C64C7E002EE01B /* GLyuv.m in Sources */ = {isa = PBXBuildFile; fileRef = 1199EEC321C64C7E002EE01B /* GLyuv.m */; };
		1199EEC721C663B8002EE01B /* GLrgb.m in Sources */ = {isa = PBXBuildFile; fileRef = 1199EEC621C663B8002EE01B /* GLrgb.m */; };
/* End PBXBuildFile section */

/* Begin PBXFileReference section */
		1199EEA821C63948002EE01B /* ios-opengles.app */ = {isa = PBXFileReference; explicitFileType = wrapper.application; includeInIndex = 0; path = "ios-opengles.app"; sourceTree = BUILT_PRODUCTS_DIR; };
		1199EEAB21C63948002EE01B /* AppDelegate.h */ = {isa = PBXFileReference; lastKnownFileType = sourcecode.c.h; path = AppDelegate.h; sourceTree = "<group>"; };
		1199EEAC21C63948002EE01B /* AppDelegate.m */ = {isa = PBXFileReference; lastKnownFileType = sourcecode.c.objc; path = AppDelegate.m; sourceTree = "<group>"; };
		1199EEAE21C63948002EE01B /* ViewController.h */ = {isa = PBXFileReference; lastKnownFileType = sourcecode.c.h; path = ViewController.h; sourceTree = "<group>"; };
		1199EEAF21C63948002EE01B /* ViewController.m */ = {isa = PBXFileReference; lastKnownFileType = sourcecode.c.objc; path = ViewController.m; sourceTree = "<group>"; };
		1199EEB221C63948002EE01B /* Base */ = {isa = PBXFileReference; lastKnownFileType = file.storyboard; name = Base; path = Base.lproj/Main.storyboard; sourceTree = "<group>"; };
		1199EEB421C6394E002EE01B /* Assets.xcassets */ = {isa = PBXFileReference; lastKnownFileType = folder.assetcatalog; path = Assets.xcassets; sourceTree = "<group>"; };
		1199EEB721C6394E002EE01B /* Base */ = {isa = PBXFileReference; lastKnownFileType = file.storyboard; name = Base; path = Base.lproj/LaunchScreen.storyboard; sourceTree = "<group>"; };
		1199EEB921C6394E002EE01B /* Info.plist */ = {isa = PBXFileReference; lastKnownFileType = text.plist.xml; path = Info.plist; sourceTree = "<group>"; };
		1199EEBA21C6394E002EE01B /* main.m */ = {isa = PBXFileReference; lastKnownFileType = sourcecode.c.objc; path = main.m; sourceTree = "<group>"; };
		1199EEC121C64BD5002EE01B /* opengles_adapter.h */ = {isa = PBXFileReference; fileEncoding = 4; lastKnownFileType = sourcecode.c.h; path = opengles_adapter.h; sourceTree = "<group>"; };
		1199EEC221C64C7E002EE01B /* GLyuv.h */ = {isa = PBXFileReference; lastKnownFileType = sourcecode.c.h; path = GLyuv.h; sourceTree = "<group>"; };
		1199EEC321C64C7E002EE01B /* GLyuv.m */ = {isa = PBXFileReference; lastKnownFileType = sourcecode.c.objc; path = GLyuv.m; sourceTree = "<group>"; };
		1199EEC521C663B8002EE01B /* GLrgb.h */ = {isa = PBXFileReference; lastKnownFileType = sourcecode.c.h; path = GLrgb.h; sourceTree = "<group>"; };
		1199EEC621C663B8002EE01B /* GLrgb.m */ = {isa = PBXFileReference; lastKnownFileType = sourcecode.c.objc; path = GLrgb.m; sourceTree = "<group>"; };
/* End PBXFileReference section */

/* Begin PBXFrameworksBuildPhase section */
		1199EEA521C63948002EE01B /* Frameworks */ = {
			isa = PBXFrameworksBuildPhase;
			buildActionMask = 2147483647;
			files = (
			);
			runOnlyForDeploymentPostprocessing = 0;
		};
/* End PBXFrameworksBuildPhase section */

/* Begin PBXGroup section */
		1199EE9F21C63948002EE01B = {
			isa = PBXGroup;
			children = (
				1199EEAA21C63948002EE01B /* ios-opengles */,
				1199EEA921C63948002EE01B /* Products */,
			);
			sourceTree = "<group>";
		};
		1199EEA921C63948002EE01B /* Products */ = {
			isa = PBXGroup;
			children = (
				1199EEA821C63948002EE01B /* ios-opengles.app */,
			);
			name = Products;
			sourceTree = "<group>";
		};
		1199EEAA21C63948002EE01B /* ios-opengles */ = {
			isa = PBXGroup;
			children = (
				1199EEC121C64BD5002EE01B /* opengles_adapter.h */,
				1199EEAB21C63948002EE01B /* AppDelegate.h */,
				1199EEAC21C63948002EE01B /* AppDelegate.m */,
				1199EEAE21C63948002EE01B /* ViewController.h */,
				1199EEAF21C63948002EE01B /* ViewController.m */,
				1199EEB121C63948002EE01B /* Main.storyboard */,
				1199EEB421C6394E002EE01B /* Assets.xcassets */,
				1199EEB621C6394E002EE01B /* LaunchScreen.storyboard */,
				1199EEB921C6394E002EE01B /* Info.plist */,
				1199EEBA21C6394E002EE01B /* main.m */,
				1199EEC221C64C7E002EE01B /* GLyuv.h */,
				1199EEC321C64C7E002EE01B /* GLyuv.m */,
				1199EEC521C663B8002EE01B /* GLrgb.h */,
				1199EEC621C663B8002EE01B /* GLrgb.m */,
			);
			path = "ios-opengles";
			sourceTree = "<group>";
		};
/* End PBXGroup section */

/* Begin PBXNativeTarget section */
		1199EEA721C63948002EE01B /* ios-opengles */ = {
			isa = PBXNativeTarget;
			buildConfigurationList = 1199EEBE21C6394E002EE01B /* Build configuration list for PBXNativeTarget "ios-opengles" */;
			buildPhases = (
				1199EEA421C63948002EE01B /* Sources */,
				1199EEA521C63948002EE01B /* Frameworks */,
				1199EEA621C63948002EE01B /* Resources */,
			);
			buildRules = (
			);
			dependencies = (
			);
			name = "ios-opengles";
			productName = "ios-opengles";
			productReference = 1199EEA821C63948002EE01B /* ios-opengles.app */;
			productType = "com.apple.product-type.application";
		};
/* End PBXNativeTarget section */

/* Begin PBXProject section */
		1199EEA021C63948002EE01B /* Project object */ = {
			isa = PBXProject;
			attributes = {
				LastUpgradeCheck = 0940;
				ORGANIZATIONNAME = wzj;
				TargetAttributes = {
					1199EEA721C63948002EE01B = {
						CreatedOnToolsVersion = 9.4.1;
					};
				};
			};
			buildConfigurationList = 1199EEA321C63948002EE01B /* Build configuration list for PBXProject "ios-opengles" */;
			compatibilityVersion = "Xcode 9.3";
			developmentRegion = en;
			hasScannedForEncodings = 0;
			knownRegions = (
				en,
				Base,
			);
			mainGroup = 1199EE9F21C63948002EE01B;
			productRefGroup = 1199EEA921C63948002EE01B /* Products */;
			projectDirPath = "";
			projectRoot = "";
			targets = (
				1199EEA721C63948002EE01B /* ios-opengles */,
			);
		};
/* End PBXProject section */

/* Begin PBXResourcesBuildPhase section */
		1199EEA621C63948002EE01B /* Resources */ = {
			isa = PBXResourcesBuildPhase;
			buildActionMask = 2147483647;
			files = (
				1199EEB821C6394E002EE01B /* LaunchScreen.storyboard in Resources */,
				1199EEB521C6394E002EE01B /* Assets.xcassets in Resources */,
				1199EEB321C63948002EE01B /* Main.storyboard in Resources */,
			);
			runOnlyForDeploymentPostprocessing = 0;
		};
/* End PBXResourcesBuildPhase section */

/* Begin PBXSourcesBuildPhase section */
		1199EEA421C63948002EE01B /* Sources */ = {
			isa = PBXSourcesBuildPhase;
			buildActionMask = 2147483647;
			files = (
				1199EEC421C64C7E002EE01B /* GLyuv.m in Sources */,
				1199EEB021C63948002EE01B /* ViewController.m in Sources */,
				1199EEC721C663B8002EE01B /* GLrgb.m in Sources */,
				1199EEBB21C6394E002EE01B /* main.m in Sources */,
				1199EEAD21C63948002EE01B /* AppDelegate.m in Sources */,
			);
			runOnlyForDeploymentPostprocessing = 0;
		};
/* End PBXSourcesBuildPhase section */

/* Begin PBXVariantGroup section */
		1199EEB121C63948002EE01B /* Main.storyboard */ = {
			isa = PBXVariantGroup;
			children = (
				1199EEB221C63948002EE01B /* Base */,
			);
			name = Main.storyboard;
			sourceTree = "<group>";
		};
		1199EEB621C6394E002EE01B /* LaunchScreen.storyboard */ = {
			isa = PBXVariantGroup;
			children = (
				1199EEB721C6394E002EE01B /* Base */,
			);
			name = LaunchScreen.storyboard;
			sourceTree = "<group>";
		};
/* End PBXVariantGroup section */

/* Begin XCBuildConfiguration section */
		1199EEBC21C6394E002EE01B /* Debug */ = {
			isa = XCBuildConfiguration;
			buildSettings = {
				ALWAYS_SEARCH_USER_PATHS = NO;
				CLANG_ANALYZER_NONNULL = YES;
				CLANG_ANALYZER_NUMBER_OBJECT_CONVERSION = YES_AGGRESSIVE;
				CLANG_CXX_LANGUAGE_STANDARD = "gnu++14";
				CLANG_CXX_LIBRARY = "libc++";
				CLANG_ENABLE_MODULES = YES;
				CLANG_ENABLE_OBJC_ARC = YES;
				CLANG_ENABLE_OBJC_WEAK = YES;
				CLANG_WARN_BLOCK_CAPTURE_AUTORELEASING = YES;
				CLANG_WARN_BOOL_CONVERSION = YES;
				CLANG_WARN_COMMA = YES;
				CLANG_WARN_CONSTANT_CONVERSION = YES;
				CLANG_WARN_DEPRECATED_OBJC_IMPLEMENTATIONS = YES;
				CLANG_WARN_DIRECT_OBJC_ISA_USAGE = YES_ERROR;
				CLANG_WARN_DOCUMENTATION_COMMENTS = YES;
				CLANG_WARN_EMPTY_BODY = YES;
				CLANG_WARN_ENUM_CONVERSION = YES;
				CLANG_WARN_INFINITE_RECURSION = YES;
				CLANG_WARN_INT_CONVERSION = YES;
				CLANG_WARN_NON_LITERAL_NULL_CONVERSION = YES;
				CLANG_WARN_OBJC_IMPLICIT_RETAIN_SELF = YES;
				CLANG_WARN_OBJC_LITERAL_CONVERSION = YES;
				CLANG_WARN_OBJC_ROOT_CLASS = YES_ERROR;
				CLANG_WARN_RANGE_LOOP_ANALYSIS = YES;
				CLANG_WARN_STRICT_PROTOTYPES = YES;
				CLANG_WARN_SUSPICIOUS_MOVE = YES;
				CLANG_WARN_UNGUARDED_AVAILABILITY = YES_AGGRESSIVE;
				CLANG_WARN_UNREACHABLE_CODE = YES;
				CLANG_WARN__DUPLICATE_METHOD_MATCH = YES;
				CODE_SIGN_IDENTITY = "iPhone Developer";
				COPY_PHASE_STRIP = NO;
				DEBUG_INFORMATION_FORMAT = dwarf;
				ENABLE_STRICT_OBJC_MSGSEND = YES;
				ENABLE_TESTABILITY = YES;
				GCC_C_LANGUAGE_STANDARD = gnu11;
				GCC_DYNAMIC_NO_PIC = NO;
				GCC_NO_COMMON_BLOCKS = YES;
				GCC_OPTIMIZATION_LEVEL = 0;
				GCC_PREPROCESSOR_DEFINITIONS = (
					"DEBUG=1",
					"$(inherited)",
				);
				GCC_WARN_64_TO_32_BIT_CONVERSION = YES;
				GCC_WARN_ABOUT_RETURN_TYPE = YES_ERROR;
				GCC_WARN_UNDECLARED_SELECTOR = YES;
				GCC_WARN_UNINITIALIZED_AUTOS = YES_AGGRESSIVE;
				GCC_WARN_UNUSED_FUNCTION = YES;
				GCC_WARN_UNUSED_VARIABLE = YES;
				IPHONEOS_DEPLOYMENT_TARGET = 11.4;
				MTL_ENABLE_DEBUG_INFO = YES;
				ONLY_ACTIVE_ARCH = YES;
				SDKROOT = iphoneos;
			};
			name = Debug;
		};
		1199EEBD21C6394E002EE01B /* Release */ = {
			isa = XCBuildConfiguration;
			buildSettings = {
				ALWAYS_SEARCH_USER_PATHS = NO;
				CLANG_ANALYZER_NONNULL = YES;
				CLANG_ANALYZER_NUMBER_OBJECT_CONVERSION = YES_AGGRESSIVE;
				CLANG_CXX_LANGUAGE_STANDARD = "gnu++14";
				CLANG_CXX_LIBRARY = "libc++";
				CLANG_ENABLE_MODULES = YES;
				CLANG_ENABLE_OBJC_ARC = YES;
				CLANG_ENABLE_OBJC_WEAK = YES;
				CLANG_WARN_BLOCK_CAPTURE_AUTORELEASING = YES;
				CLANG_WARN_BOOL_CONVERSION = YES;
				CLANG_WARN_COMMA = YES;
				CLANG_WARN_CONSTANT_CONVERSION = YES;
				CLANG_WARN_DEPRECATED_OBJC_IMPLEMENTATIONS = YES;
				CLANG_WARN_DIRECT_OBJC_ISA_USAGE = YES_ERROR;
				CLANG_WARN_DOCUMENTATION_COMMENTS = YES;
				CLANG_WARN_EMPTY_BODY = YES;
				CLANG_WARN_ENUM_CONVERSION = YES;
				CLANG_WARN_INFINITE_RECURSION = YES;
				CLANG_WARN_INT_CONVERSION = YES;
				CLANG_WARN_NON_LITERAL_NULL_CONVERSION = YES;
				CLANG_WARN_OBJC_IMPLICIT_RETAIN_SELF = YES;
				CLANG_WARN_OBJC_LITERAL_CONVERSION = YES;
				CLANG_WARN_OBJC_ROOT_CLASS = YES_ERROR;
				CLANG_WARN_RANGE_LOOP_ANALYSIS = YES;
				CLANG_WARN_STRICT_PROTOTYPES = YES;
				CLANG_WARN_SUSPICIOUS_MOVE = YES;
				CLANG_WARN_UNGUARDED_AVAILABILITY = YES_AGGRESSIVE;
				CLANG_WARN_UNREACHABLE_CODE = YES;
				CLANG_WARN__DUPLICATE_METHOD_MATCH = YES;
				CODE_SIGN_IDENTITY = "iPhone Developer";
				COPY_PHASE_STRIP = NO;
				DEBUG_INFORMATION_FORMAT = "dwarf-with-dsym";
				ENABLE_NS_ASSERTIONS = NO;
				ENABLE_STRICT_OBJC_MSGSEND = YES;
				GCC_C_LANGUAGE_STANDARD = gnu11;
				GCC_NO_COMMON_BLOCKS = YES;
				GCC_WARN_64_TO_32_BIT_CONVERSION = YES;
				GCC_WARN_ABOUT_RETURN_TYPE = YES_ERROR;
				GCC_WARN_UNDECLARED_SELECTOR = YES;
				GCC_WARN_UNINITIALIZED_AUTOS = YES_AGGRESSIVE;
				GCC_WARN_UNUSED_FUNCTION = YES;
				GCC_WARN_UNUSED_VARIABLE = YES;
				IPHONEOS_DEPLOYMENT_TARGET = 11.4;
				MTL_ENABLE_DEBUG_INFO = NO;
				SDKROOT = iphoneos;
				VALIDATE_PRODUCT = YES;
			};
			name = Release;
		};
		1199EEBF21C6394E002EE01B /* Debug */ = {
			isa = XCBuildConfiguration;
			buildSettings = {
				ASSETCATALOG_COMPILER_APPICON_NAME = AppIcon;
				CLANG_ENABLE_OBJC_ARC = NO;
				CODE_SIGN_STYLE = Automatic;
				DEVELOPMENT_TEAM = T88YCG5RD7;
				INFOPLIST_FILE = "ios-opengles/Info.plist";
				LD_RUNPATH_SEARCH_PATHS = (
					"$(inherited)",
					"@executable_path/Frameworks",
				);
				PRODUCT_BUNDLE_IDENTIFIER = "com.wzj.ios-opengles";
				PRODUCT_NAME = "$(TARGET_NAME)";
				TARGETED_DEVICE_FAMILY = "1,2";
			};
			name = Debug;
		};
		1199EEC021C6394E002EE01B /* Release */ = {
			isa = XCBuildConfiguration;
			buildSettings = {
				ASSETCATALOG_COMPILER_APPICON_NAME = AppIcon;
				CLANG_ENABLE_OBJC_ARC = NO;
				CODE_SIGN_STYLE = Automatic;
				DEVELOPMENT_TEAM = T88YCG5RD7;
				INFOPLIST_FILE = "ios-opengles/Info.plist";
				LD_RUNPATH_SEARCH_PATHS = (
					"$(inherited)",
					"@executable_path/Frameworks",
				);
				PRODUCT_BUNDLE_IDENTIFIER = "com.wzj.ios-opengles";
				PRODUCT_NAME = "$(TARGET_NAME)";
				TARGETED_DEVICE_FAMILY = "1,2";
			};
			name = Release;
		};
/* End XCBuildConfiguration section */

/* Begin XCConfigurationList section */
		1199EEA321C63948002EE01B /* Build configuration list for PBXProject "ios-opengles" */ = {
			isa = XCConfigurationList;
			buildConfigurations = (
				1199EEBC21C6394E002EE01B /* Debug */,
				1199EEBD21C6394E002EE01B /* Release */,
			);
			defaultConfigurationIsVisible = 0;
			defaultConfigurationName = Release;
		};
		1199EEBE21C6394E002EE01B /* Build configuration list for PBXNativeTarget "ios-opengles" */ = {
			isa = XCConfigurationList;
			buildConfigurations = (
				1199EEBF21C6394E002EE01B /* Debug */,
				1199EEC021C6394E002EE01B /* Release */,
			);
			defaultConfigurationIsVisible = 0;
			defaultConfigurationName = Release;
		};
/* End XCConfigurationList section */
	};
	rootObject = 1199EEA021C63948002EE01B /* Project object */;
}
